{
  "name": "inheritance-project",
  "version": "0.0.1",
  "lockfileVersion": 1,
  "requires": true,
  "dependencies": {
    "embarkjs-connector-web3": {
      "version": "4.0.0",
      "resolved": "https://registry.npmjs.org/embarkjs-connector-web3/-/embarkjs-connector-web3-4.0.0.tgz",
      "integrity": "sha512-mqLDRGawEfyqXgoSb2NgTwhlbAHwDrk7eyHrtEvywWgKfEPer+S+5IN+KGXi85d7QxcNKJSZ+BHve8wvWX0FfQ==",
      "dev": true
    },
    "solidity-parser-antlr": {
      "version": "0.4.2",
      "resolved": "https://registry.npmjs.org/solidity-parser-antlr/-/solidity-parser-antlr-0.4.2.tgz",
      "integrity": "sha512-0OKT2YKZAqPe14HN7Nbo24hjmnyUYh92UjyZG0Zz2rpQhl/w8asX8qHb+ASSXfayQaiW8g9zGIupXEE355tOQQ==",
      "dev": true
    }
  }
}
